
Microsoft Visual Studio Solution File, Format Version 12.00
# Visual Studio Version 17
VisualStudioVersion = 17.0.31903.59
MinimumVisualStudioVersion = 10.0.40219.1
Project("{FAE04EC0-301F-11D3-BF4B-00C04F79EFBC}") = "Singleton", "Singleton\Singleton.csproj", "{0578C408-8753-47D4-A7D6-5DF453B20D3C}"
EndProject
Project("{FAE04EC0-301F-11D3-BF4B-00C04F79EFBC}") = "FactoryMethod", "FactoryMethod\FactoryMethod.csproj", "{09C85F26-B3E0-4D6B-A4F8-60A920D1130C}"
EndProject
Project("{FAE04EC0-301F-11D3-BF4B-00C04F79EFBC}") = "AbstractFactory", "AbstractFactory\AbstractFactory.csproj", "{8D4BD4BD-8A2C-4CEC-B297-E4EC80530862}"
EndProject
Project("{FAE04EC0-301F-11D3-BF4B-00C04F79EFBC}") = "Prototype", "Prototype\Prototype.csproj", "{FA2C83F0-3036-4F63-8DE0-27B67C22EAD7}"
EndProject
Project("{FAE04EC0-301F-11D3-BF4B-00C04F79EFBC}") = "Builder", "Builder\Builder.csproj", "{4C72247F-19A8-449B-95F3-0E797F0A8449}"
EndProject
Project("{FAE04EC0-301F-11D3-BF4B-00C04F79EFBC}") = "Facade", "Facade\Facade.csproj", "{AFF66EC1-D9AE-4734-8AC3-5147C6FA542E}"
EndProject
Project("{FAE04EC0-301F-11D3-BF4B-00C04F79EFBC}") = "Adapter", "Adapter\Adapter.csproj", "{84B449E8-046F-428E-A80F-2D3D9184E17B}"
EndProject
Project("{FAE04EC0-301F-11D3-BF4B-00C04F79EFBC}") = "Composite", "Composite\Composite.csproj", "{87901FDB-7AB8-4A66-85EA-A311B90EAA26}"
EndProject
Project("{FAE04EC0-301F-11D3-BF4B-00C04F79EFBC}") = "Proxy", "Proxy\Proxy.csproj", "{1431BFB5-0CF1-4513-9648-C6589A5DBA01}"
EndProject
Project("{FAE04EC0-301F-11D3-BF4B-00C04F79EFBC}") = "Decorator", "Decorator\Decorator.csproj", "{0C22BAED-5C84-4D74-94E0-CB5E124D3FAB}"
EndProject
Project("{FAE04EC0-301F-11D3-BF4B-00C04F79EFBC}") = "Bridge", "Bridge\Bridge.csproj", "{8311C740-816B-4882-BABD-388991A0983E}"
EndProject
Project("{FAE04EC0-301F-11D3-BF4B-00C04F79EFBC}") = "Strategy", "Strategy\Strategy.csproj", "{B3090D6B-BA1B-40C8-AF70-B5419D83AF9A}"
EndProject
Project("{FAE04EC0-301F-11D3-BF4B-00C04F79EFBC}") = "Observer", "Observer\Observer.csproj", "{896505AA-6391-448C-AD22-67073EEAA819}"
EndProject
Project("{FAE04EC0-301F-11D3-BF4B-00C04F79EFBC}") = "ChainOfResponsibility", "ChainOfResponsibility\ChainOfResponsibility.csproj", "{66DC3B58-A26E-4719-84FE-6BECCB8D78ED}"
EndProject
Global
	GlobalSection(SolutionConfigurationPlatforms) = preSolution
		Debug|Any CPU = Debug|Any CPU
		Release|Any CPU = Release|Any CPU
	EndGlobalSection
	GlobalSection(SolutionProperties) = preSolution
		HideSolutionNode = FALSE
	EndGlobalSection
	GlobalSection(ProjectConfigurationPlatforms) = postSolution
		{0578C408-8753-47D4-A7D6-5DF453B20D3C}.Debug|Any CPU.ActiveCfg = Debug|Any CPU
		{0578C408-8753-47D4-A7D6-5DF453B20D3C}.Debug|Any CPU.Build.0 = Debug|Any CPU
		{0578C408-8753-47D4-A7D6-5DF453B20D3C}.Release|Any CPU.ActiveCfg = Release|Any CPU
		{0578C408-8753-47D4-A7D6-5DF453B20D3C}.Release|Any CPU.Build.0 = Release|Any CPU
		{09C85F26-B3E0-4D6B-A4F8-60A920D1130C}.Debug|Any CPU.ActiveCfg = Debug|Any CPU
		{09C85F26-B3E0-4D6B-A4F8-60A920D1130C}.Debug|Any CPU.Build.0 = Debug|Any CPU
		{09C85F26-B3E0-4D6B-A4F8-60A920D1130C}.Release|Any CPU.ActiveCfg = Release|Any CPU
		{09C85F26-B3E0-4D6B-A4F8-60A920D1130C}.Release|Any CPU.Build.0 = Release|Any CPU
		{8D4BD4BD-8A2C-4CEC-B297-E4EC80530862}.Debug|Any CPU.ActiveCfg = Debug|Any CPU
		{8D4BD4BD-8A2C-4CEC-B297-E4EC80530862}.Debug|Any CPU.Build.0 = Debug|Any CPU
		{8D4BD4BD-8A2C-4CEC-B297-E4EC80530862}.Release|Any CPU.ActiveCfg = Release|Any CPU
		{8D4BD4BD-8A2C-4CEC-B297-E4EC80530862}.Release|Any CPU.Build.0 = Release|Any CPU
		{FA2C83F0-3036-4F63-8DE0-27B67C22EAD7}.Debug|Any CPU.ActiveCfg = Debug|Any CPU
		{FA2C83F0-3036-4F63-8DE0-27B67C22EAD7}.Debug|Any CPU.Build.0 = Debug|Any CPU
		{FA2C83F0-3036-4F63-8DE0-27B67C22EAD7}.Release|Any CPU.ActiveCfg = Release|Any CPU
		{FA2C83F0-3036-4F63-8DE0-27B67C22EAD7}.Release|Any CPU.Build.0 = Release|Any CPU
		{4C72247F-19A8-449B-95F3-0E797F0A8449}.Debug|Any CPU.ActiveCfg = Debug|Any CPU
		{4C72247F-19A8-449B-95F3-0E797F0A8449}.Debug|Any CPU.Build.0 = Debug|Any CPU
		{4C72247F-19A8-449B-95F3-0E797F0A8449}.Release|Any CPU.ActiveCfg = Release|Any CPU
		{4C72247F-19A8-449B-95F3-0E797F0A8449}.Release|Any CPU.Build.0 = Release|Any CPU
		{AFF66EC1-D9AE-4734-8AC3-5147C6FA542E}.Debug|Any CPU.ActiveCfg = Debug|Any CPU
		{AFF66EC1-D9AE-4734-8AC3-5147C6FA542E}.Debug|Any CPU.Build.0 = Debug|Any CPU
		{AFF66EC1-D9AE-4734-8AC3-5147C6FA542E}.Release|Any CPU.ActiveCfg = Release|Any CPU
		{AFF66EC1-D9AE-4734-8AC3-5147C6FA542E}.Release|Any CPU.Build.0 = Release|Any CPU
		{84B449E8-046F-428E-A80F-2D3D9184E17B}.Debug|Any CPU.ActiveCfg = Debug|Any CPU
		{84B449E8-046F-428E-A80F-2D3D9184E17B}.Debug|Any CPU.Build.0 = Debug|Any CPU
		{84B449E8-046F-428E-A80F-2D3D9184E17B}.Release|Any CPU.ActiveCfg = Release|Any CPU
		{84B449E8-046F-428E-A80F-2D3D9184E17B}.Release|Any CPU.Build.0 = Release|Any CPU
		{87901FDB-7AB8-4A66-85EA-A311B90EAA26}.Debug|Any CPU.ActiveCfg = Debug|Any CPU
		{87901FDB-7AB8-4A66-85EA-A311B90EAA26}.Debug|Any CPU.Build.0 = Debug|Any CPU
		{87901FDB-7AB8-4A66-85EA-A311B90EAA26}.Release|Any CPU.ActiveCfg = Release|Any CPU
		{87901FDB-7AB8-4A66-85EA-A311B90EAA26}.Release|Any CPU.Build.0 = Release|Any CPU
		{1431BFB5-0CF1-4513-9648-C6589A5DBA01}.Debug|Any CPU.ActiveCfg = Debug|Any CPU
		{1431BFB5-0CF1-4513-9648-C6589A5DBA01}.Debug|Any CPU.Build.0 = Debug|Any CPU
		{1431BFB5-0CF1-4513-9648-C6589A5DBA01}.Release|Any CPU.ActiveCfg = Release|Any CPU
		{1431BFB5-0CF1-4513-9648-C6589A5DBA01}.Release|Any CPU.Build.0 = Release|Any CPU
		{0C22BAED-5C84-4D74-94E0-CB5E124D3FAB}.Debug|Any CPU.ActiveCfg = Debug|Any CPU
		{0C22BAED-5C84-4D74-94E0-CB5E124D3FAB}.Debug|Any CPU.Build.0 = Debug|Any CPU
		{0C22BAED-5C84-4D74-94E0-CB5E124D3FAB}.Release|Any CPU.ActiveCfg = Release|Any CPU
		{0C22BAED-5C84-4D74-94E0-CB5E124D3FAB}.Release|Any CPU.Build.0 = Release|Any CPU
		{8311C740-816B-4882-BABD-388991A0983E}.Debug|Any CPU.ActiveCfg = Debug|Any CPU
		{8311C740-816B-4882-BABD-388991A0983E}.Debug|Any CPU.Build.0 = Debug|Any CPU
		{8311C740-816B-4882-BABD-388991A0983E}.Release|Any CPU.ActiveCfg = Release|Any CPU
		{8311C740-816B-4882-BABD-388991A0983E}.Release|Any CPU.Build.0 = Release|Any CPU
		{B3090D6B-BA1B-40C8-AF70-B5419D83AF9A}.Debug|Any CPU.ActiveCfg = Debug|Any CPU
		{B3090D6B-BA1B-40C8-AF70-B5419D83AF9A}.Debug|Any CPU.Build.0 = Debug|Any CPU
		{B3090D6B-BA1B-40C8-AF70-B5419D83AF9A}.Release|Any CPU.ActiveCfg = Release|Any CPU
		{B3090D6B-BA1B-40C8-AF70-B5419D83AF9A}.Release|Any CPU.Build.0 = Release|Any CPU
		{896505AA-6391-448C-AD22-67073EEAA819}.Debug|Any CPU.ActiveCfg = Debug|Any CPU
		{896505AA-6391-448C-AD22-67073EEAA819}.Debug|Any CPU.Build.0 = Debug|Any CPU
		{896505AA-6391-448C-AD22-67073EEAA819}.Release|Any CPU.ActiveCfg = Release|Any CPU
		{896505AA-6391-448C-AD22-67073EEAA819}.Release|Any CPU.Build.0 = Release|Any CPU
		{66DC3B58-A26E-4719-84FE-6BECCB8D78ED}.Debug|Any CPU.ActiveCfg = Debug|Any CPU
		{66DC3B58-A26E-4719-84FE-6BECCB8D78ED}.Debug|Any CPU.Build.0 = Debug|Any CPU
		{66DC3B58-A26E-4719-84FE-6BECCB8D78ED}.Release|Any CPU.ActiveCfg = Release|Any CPU
		{66DC3B58-A26E-4719-84FE-6BECCB8D78ED}.Release|Any CPU.Build.0 = Release|Any CPU
	EndGlobalSection
EndGlobal
